github.com/dave/jennifer v1.3.0 h1:p3tl41zjjCZTNBytMwrUuiAnherNUZktlhPTKoF/sEk=
github.com/dave/jennifer v1.3.0/go.mod h1:fIb+770HOpJ2fmN9EPPKOqm1vMGhB+TwXKMZhrIygKg=
github.com/denisbrodbeck/machineid v1.0.0 h1:6tMg1EaB3r/EfIqKS0on/pvkRBZJAXH3fmSLGi8SWf0=
github.com/denisbrodbeck/machineid v1.0.0/go.mod h1:dJUwb7PTidGDeYyUBmXZ2GphQBbjJCrnectwCyxcUSI=
github.com/denisbrodbeck/machineid v1.0.1 h1:geKr9qtkB876mXguW2X6TU4ZynleN6ezuMSRhl4D7AQ=
github.com/denisbrodbeck/machineid v1.0.1/go.mod h1:dJUwb7PTidGDeYyUBmXZ2GphQBbjJCrnectwCyxcUSI=
github.com/integrii/flaggy v0.0.0-20190220052119-eb3cf98db853 h1:HxqDVF0I1T57lOtEyWFKP6cbj4JGrs7FMyejLPKo5zY=
github.com/integrii/flaggy v0.0.0-20190220052119-eb3cf98db853/go.mod h1:3cpVUtAftUH2sUWSsXjFhC6o9aRkLEAuxGQV/qXbSOQ=
github.com/integrii/flaggy v1.2.0 h1:/a4mcq8Ueke2+9rgP85yRy8oXriTdvUMWm5qFam9c/Q=
github.com/integrii/flaggy v1.2.0/go.mod h1:3cpVUtAftUH2sUWSsXjFhC6o9aRkLEAuxGQV/qXbSOQ=
github.com/prataprc/goparsec v0.0.0-20180806094145-2600a2a4a410 h1:BZjOxwDguSqFR+Uk9DSlT1SZ9jsDsNVdgoDmEuAhIew=
github.com/prataprc/goparsec v0.0.0-20180806094145-2600a2a4a410/go.mod h1:YbpxZqbf10o5u96/iDpcfDQmbIOTX/iNCH/yBByTfaM=
golang.org/x/sys v0.0.0-20190312061237-fead79001313 h1:pczuHS43Cp2ktBEEmLwScxgjWsBSzdaQiKzUyf3DTTc=
golang.org/x/sys v0.0.0-20190312061237-fead79001313/go.mod h1:h1NjWce9XRLGQEsW7wpKNCjG9DtNlClVuFLEZdDNbEs=
golang.org/x/sys v0.0.0-20190426135247-a129542de9ae/go.mod h1:h1NjWce9XRLGQEsW7wpKNCjG9DtNlClVuFLEZdDNbEs=
